
Microsoft Visual Studio Solution File, Format Version 12.00
# Visual Studio Version 16
VisualStudioVersion = 16.0.30804.86
MinimumVisualStudioVersion = 10.0.40219.1
Project("{FAE04EC0-301F-11D3-BF4B-00C04F79EFBC}") = "SaltyPiss", "SaltyPiss\SaltyPiss.csproj", "{701FF0F3-A508-40FC-87C5-1EC1CAF7760A}"
EndProject
Global
	GlobalSection(SolutionConfigurationPlatforms) = preSolution
		Debug|Any CPU = Debug|Any CPU
		Release|Any CPU = Release|Any CPU
	EndGlobalSection
	GlobalSection(ProjectConfigurationPlatforms) = postSolution
		{701FF0F3-A508-40FC-87C5-1EC1CAF7760A}.Debug|Any CPU.ActiveCfg = Debug|Any CPU
		{701FF0F3-A508-40FC-87C5-1EC1CAF7760A}.Debug|Any CPU.Build.0 = Debug|Any CPU
		{701FF0F3-A508-40FC-87C5-1EC1CAF7760A}.Release|Any CPU.ActiveCfg = Release|Any CPU
		{701FF0F3-A508-40FC-87C5-1EC1CAF7760A}.Release|Any CPU.Build.0 = Release|Any CPU
	EndGlobalSection
	GlobalSection(SolutionProperties) = preSolution
		HideSolutionNode = FALSE
	EndGlobalSection
	GlobalSection(ExtensibilityGlobals) = postSolution
		SolutionGuid = {C6E6FCE6-6444-433A-98EE-B63409A29DDE}
	EndGlobalSection
EndGlobal
